// !$*UTF8*$!
{
	archiveVersion = 1;
	classes = {
	};
	objectVersion = 46;
	objects = {

/* Begin PBXBuildFile section */
		04E0D1781C7EF9A7006355D2 /* main.m in Sources */ = {isa = PBXBuildFile; fileRef = 04E0D1771C7EF9A7006355D2 /* main.m */; };
		04E0D17B1C7EF9A7006355D2 /* AppDelegate.m in Sources */ = {isa = PBXBuildFile; fileRef = 04E0D17A1C7EF9A7006355D2 /* AppDelegate.m */; };
		04E0D17E1C7EF9A7006355D2 /* ViewController.m in Sources */ = {isa = PBXBuildFile; fileRef = 04E0D17D1C7EF9A7006355D2 /* ViewController.m */; };
		04E0D1811C7EF9A7006355D2 /* Main.storyboard in Resources */ = {isa = PBXBuildFile; fileRef = 04E0D17F1C7EF9A7006355D2 /* Main.storyboard */; };
		04E0D1831C7EF9A7006355D2 /* Assets.xcassets in Resources */ = {isa = PBXBuildFile; fileRef = 04E0D1821C7EF9A7006355D2 /* Assets.xcassets */; };
		04E0D1861C7EF9A7006355D2 /* LaunchScreen.storyboard in Resources */ = {isa = PBXBuildFile; fileRef = 04E0D1841C7EF9A7006355D2 /* LaunchScreen.storyboard */; };
		04E0D1911C7EF9A7006355D2 /* Learn_Quartz2DTests.m in Sources */ = {isa = PBXBuildFile; fileRef = 04E0D1901C7EF9A7006355D2 /* Learn_Quartz2DTests.m */; };
		04E0D19C1C7EF9A7006355D2 /* Learn_Quartz2DUITests.m in Sources */ = {isa = PBXBuildFile; fileRef = 04E0D19B1C7EF9A7006355D2 /* Learn_Quartz2DUITests.m */; };
		04E0D1B01C802BBC006355D2 /* quartz2D.m in Sources */ = {isa = PBXBuildFile; fileRef = 04E0D1AF1C802BBC006355D2 /* quartz2D.m */; };
		04E0D1B21C802C43006355D2 /* quartz2D.xib in Resources */ = {isa = PBXBuildFile; fileRef = 04E0D1B11C802C43006355D2 /* quartz2D.xib */; };
/* End PBXBuildFile section */

/* Begin PBXContainerItemProxy section */
		04E0D18D1C7EF9A7006355D2 /* PBXContainerItemProxy */ = {
			isa = PBXContainerItemProxy;
			containerPortal = 04E0D16B1C7EF9A7006355D2 /* Project object */;
			proxyType = 1;
			remoteGlobalIDString = 04E0D1721C7EF9A7006355D2;
			remoteInfo = "Learn-Quartz2D";
		};
		04E0D1981C7EF9A7006355D2 /* PBXContainerItemProxy */ = {
			isa = PBXContainerItemProxy;
			containerPortal = 04E0D16B1C7EF9A7006355D2 /* Project object */;
			proxyType = 1;
			remoteGlobalIDString = 04E0D1721C7EF9A7006355D2;
			remoteInfo = "Learn-Quartz2D";
		};
/* End PBXContainerItemProxy section */

/* Begin PBXFileReference section */
		04E0D1731C7EF9A7006355D2 /* Learn-Quartz2D.app */ = {isa = PBXFileReference; explicitFileType = wrapper.application; includeInIndex = 0; path = "Learn-Quartz2D.app"; sourceTree = BUILT_PRODUCTS_DIR; };
		04E0D1771C7EF9A7006355D2 /* main.m */ = {isa = PBXFileReference; lastKnownFileType = sourcecode.c.objc; path = main.m; sourceTree = "<group>"; };
		04E0D1791C7EF9A7006355D2 /* AppDelegate.h */ = {isa = PBXFileReference; lastKnownFileType = sourcecode.c.h; path = AppDelegate.h; sourceTree = "<group>"; };
		04E0D17A1C7EF9A7006355D2 /* AppDelegate.m */ = {isa = PBXFileReference; lastKnownFileType = sourcecode.c.objc; path = AppDelegate.m; sourceTree = "<group>"; };
		04E0D17C1C7EF9A7006355D2 /* ViewController.h */ = {isa = PBXFileReference; lastKnownFileType = sourcecode.c.h; path = ViewController.h; sourceTree = "<group>"; };
		04E0D17D1C7EF9A7006355D2 /* ViewController.m */ = {isa = PBXFileReference; lastKnownFileType = sourcecode.c.objc; path = ViewController.m; sourceTree = "<group>"; };
		04E0D1801C7EF9A7006355D2 /* Base */ = {isa = PBXFileReference; lastKnownFileType = file.storyboard; name = Base; path = Base.lproj/Main.storyboard; sourceTree = "<group>"; };
		04E0D1821C7EF9A7006355D2 /* Assets.xcassets */ = {isa = PBXFileReference; lastKnownFileType = folder.assetcatalog; path = Assets.xcassets; sourceTree = "<group>"; };
		04E0D1851C7EF9A7006355D2 /* Base */ = {isa = PBXFileReference; lastKnownFileType = file.storyboard; name = Base; path = Base.lproj/LaunchScreen.storyboard; sourceTree = "<group>"; };
		04E0D1871C7EF9A7006355D2 /* Info.plist */ = {isa = PBXFileReference; lastKnownFileType = text.plist.xml; path = Info.plist; sourceTree = "<group>"; };
		04E0D18C1C7EF9A7006355D2 /* Learn-Quartz2DTests.xctest */ = {isa = PBXFileReference; explicitFileType = wrapper.cfbundle; includeInIndex = 0; path = "Learn-Quartz2DTests.xctest"; sourceTree = BUILT_PRODUCTS_DIR; };
		04E0D1901C7EF9A7006355D2 /* Learn_Quartz2DTests.m */ = {isa = PBXFileReference; lastKnownFileType = sourcecode.c.objc; path = Learn_Quartz2DTests.m; sourceTree = "<group>"; };
		04E0D1921C7EF9A7006355D2 /* Info.plist */ = {isa = PBXFileReference; lastKnownFileType = text.plist.xml; path = Info.plist; sourceTree = "<group>"; };
		04E0D1971C7EF9A7006355D2 /* Learn-Quartz2DUITests.xctest */ = {isa = PBXFileReference; explicitFileType = wrapper.cfbundle; includeInIndex = 0; path = "Learn-Quartz2DUITests.xctest"; sourceTree = BUILT_PRODUCTS_DIR; };
		04E0D19B1C7EF9A7006355D2 /* Learn_Quartz2DUITests.m */ = {isa = PBXFileReference; lastKnownFileType = sourcecode.c.objc; path = Learn_Quartz2DUITests.m; sourceTree = "<group>"; };
		04E0D19D1C7EF9A7006355D2 /* Info.plist */ = {isa = PBXFileReference; lastKnownFileType = text.plist.xml; path = Info.plist; sourceTree = "<group>"; };
		04E0D1AE1C802BBC006355D2 /* quartz2D.h */ = {isa = PBXFileReference; fileEncoding = 4; lastKnownFileType = sourcecode.c.h; path = quartz2D.h; sourceTree = "<group>"; };
		04E0D1AF1C802BBC006355D2 /* quartz2D.m */ = {isa = PBXFileReference; fileEncoding = 4; lastKnownFileType = sourcecode.c.objc; path = quartz2D.m; sourceTree = "<group>"; };
		04E0D1B11C802C43006355D2 /* quartz2D.xib */ = {isa = PBXFileReference; fileEncoding = 4; lastKnownFileType = file.xib; path = quartz2D.xib; sourceTree = "<group>"; };
/* End PBXFileReference section */

/* Begin PBXFrameworksBuildPhase section */
		04E0D1701C7EF9A7006355D2 /* Frameworks */ = {
			isa = PBXFrameworksBuildPhase;
			buildActionMask = 2147483647;
			files = (
			);
			runOnlyForDeploymentPostprocessing = 0;
		};
		04E0D1891C7EF9A7006355D2 /* Frameworks */ = {
			isa = PBXFrameworksBuildPhase;
			buildActionMask = 2147483647;
			files = (
			);
			runOnlyForDeploymentPostprocessing = 0;
		};
		04E0D1941C7EF9A7006355D2 /* Frameworks */ = {
			isa = PBXFrameworksBuildPhase;
			buildActionMask = 2147483647;
			files = (
			);
			runOnlyForDeploymentPostprocessing = 0;
		};
/* End PBXFrameworksBuildPhase section */

/* Begin PBXGroup section */
		04E0D16A1C7EF9A7006355D2 = {
			isa = PBXGroup;
			children = (
				04E0D1751C7EF9A7006355D2 /* Learn-Quartz2D */,
				04E0D18F1C7EF9A7006355D2 /* Learn-Quartz2DTests */,
				04E0D19A1C7EF9A7006355D2 /* Learn-Quartz2DUITests */,
				04E0D1741C7EF9A7006355D2 /* Products */,
			);
			sourceTree = "<group>";
		};
		04E0D1741C7EF9A7006355D2 /* Products */ = {
			isa = PBXGroup;
			children = (
				04E0D1731C7EF9A7006355D2 /* Learn-Quartz2D.app */,
				04E0D18C1C7EF9A7006355D2 /* Learn-Quartz2DTests.xctest */,
				04E0D1971C7EF9A7006355D2 /* Learn-Quartz2DUITests.xctest */,
			);
			name = Products;
			sourceTree = "<group>";
		};
		04E0D1751C7EF9A7006355D2 /* Learn-Quartz2D */ = {
			isa = PBXGroup;
			children = (
				04E0D1791C7EF9A7006355D2 /* AppDelegate.h */,
				04E0D17A1C7EF9A7006355D2 /* AppDelegate.m */,
				04E0D17C1C7EF9A7006355D2 /* ViewController.h */,
				04E0D17D1C7EF9A7006355D2 /* ViewController.m */,
				04E0D1AE1C802BBC006355D2 /* quartz2D.h */,
				04E0D1AF1C802BBC006355D2 /* quartz2D.m */,
				04E0D1B11C802C43006355D2 /* quartz2D.xib */,
				04E0D17F1C7EF9A7006355D2 /* Main.storyboard */,
				04E0D1821C7EF9A7006355D2 /* Assets.xcassets */,
				04E0D1841C7EF9A7006355D2 /* LaunchScreen.storyboard */,
				04E0D1871C7EF9A7006355D2 /* Info.plist */,
				04E0D1761C7EF9A7006355D2 /* Supporting Files */,
			);
			path = "Learn-Quartz2D";
			sourceTree = "<group>";
		};
		04E0D1761C7EF9A7006355D2 /* Supporting Files */ = {
			isa = PBXGroup;
			children = (
				04E0D1771C7EF9A7006355D2 /* main.m */,
			);
			name = "Supporting Files";
			sourceTree = "<group>";
		};
		04E0D18F1C7EF9A7006355D2 /* Learn-Quartz2DTests */ = {
			isa = PBXGroup;
			children = (
				04E0D1901C7EF9A7006355D2 /* Learn_Quartz2DTests.m */,
				04E0D1921C7EF9A7006355D2 /* Info.plist */,
			);
			path = "Learn-Quartz2DTests";
			sourceTree = "<group>";
		};
		04E0D19A1C7EF9A7006355D2 /* Learn-Quartz2DUITests */ = {
			isa = PBXGroup;
			children = (
				04E0D19B1C7EF9A7006355D2 /* Learn_Quartz2DUITests.m */,
				04E0D19D1C7EF9A7006355D2 /* Info.plist */,
			);
			path = "Learn-Quartz2DUITests";
			sourceTree = "<group>";
		};
/* End PBXGroup section */

/* Begin PBXNativeTarget section */
		04E0D1721C7EF9A7006355D2 /* Learn-Quartz2D */ = {
			isa = PBXNativeTarget;
			buildConfigurationList = 04E0D1A01C7EF9A7006355D2 /* Build configuration list for PBXNativeTarget "Learn-Quartz2D" */;
			buildPhases = (
				04E0D16F1C7EF9A7006355D2 /* Sources */,
				04E0D1701C7EF9A7006355D2 /* Frameworks */,
				04E0D1711C7EF9A7006355D2 /* Resources */,
			);
			buildRules = (
			);
			dependencies = (
			);
			name = "Learn-Quartz2D";
			productName = "Learn-Quartz2D";
			productReference = 04E0D1731C7EF9A7006355D2 /* Learn-Quartz2D.app */;
			productType = "com.apple.product-type.application";
		};
		04E0D18B1C7EF9A7006355D2 /* Learn-Quartz2DTests */ = {
			isa = PBXNativeTarget;
			buildConfigurationList = 04E0D1A31C7EF9A7006355D2 /* Build configuration list for PBXNativeTarget "Learn-Quartz2DTests" */;
			buildPhases = (
				04E0D1881C7EF9A7006355D2 /* Sources */,
				04E0D1891C7EF9A7006355D2 /* Frameworks */,
				04E0D18A1C7EF9A7006355D2 /* Resources */,
			);
			buildRules = (
			);
			dependencies = (
				04E0D18E1C7EF9A7006355D2 /* PBXTargetDependency */,
			);
			name = "Learn-Quartz2DTests";
			productName = "Learn-Quartz2DTests";
			productReference = 04E0D18C1C7EF9A7006355D2 /* Learn-Quartz2DTests.xctest */;
			productType = "com.apple.product-type.bundle.unit-test";
		};
		04E0D1961C7EF9A7006355D2 /* Learn-Quartz2DUITests */ = {
			isa = PBXNativeTarget;
			buildConfigurationList = 04E0D1A61C7EF9A7006355D2 /* Build configuration list for PBXNativeTarget "Learn-Quartz2DUITests" */;
			buildPhases = (
				04E0D1931C7EF9A7006355D2 /* Sources */,
				04E0D1941C7EF9A7006355D2 /* Frameworks */,
				04E0D1951C7EF9A7006355D2 /* Resources */,
			);
			buildRules = (
			);
			dependencies = (
				04E0D1991C7EF9A7006355D2 /* PBXTargetDependency */,
			);
			name = "Learn-Quartz2DUITests";
			productName = "Learn-Quartz2DUITests";
			productReference = 04E0D1971C7EF9A7006355D2 /* Learn-Quartz2DUITests.xctest */;
			productType = "com.apple.product-type.bundle.ui-testing";
		};
/* End PBXNativeTarget section */

/* Begin PBXProject section */
		04E0D16B1C7EF9A7006355D2 /* Project object */ = {
			isa = PBXProject;
			attributes = {
				LastUpgradeCheck = 0720;
				ORGANIZATIONNAME = chenzuo;
				TargetAttributes = {
					04E0D1721C7EF9A7006355D2 = {
						CreatedOnToolsVersion = 7.2.1;
					};
					04E0D18B1C7EF9A7006355D2 = {
						CreatedOnToolsVersion = 7.2.1;
						TestTargetID = 04E0D1721C7EF9A7006355D2;
					};
					04E0D1961C7EF9A7006355D2 = {
						CreatedOnToolsVersion = 7.2.1;
						TestTargetID = 04E0D1721C7EF9A7006355D2;
					};
				};
			};
			buildConfigurationList = 04E0D16E1C7EF9A7006355D2 /* Build configuration list for PBXProject "Learn-Quartz2D" */;
			compatibilityVersion = "Xcode 3.2";
			developmentRegion = English;
			hasScannedForEncodings = 0;
			knownRegions = (
				en,
				Base,
			);
			mainGroup = 04E0D16A1C7EF9A7006355D2;
			productRefGroup = 04E0D1741C7EF9A7006355D2 /* Products */;
			projectDirPath = "";
			projectRoot = "";
			targets = (
				04E0D1721C7EF9A7006355D2 /* Learn-Quartz2D */,
				04E0D18B1C7EF9A7006355D2 /* Learn-Quartz2DTests */,
				04E0D1961C7EF9A7006355D2 /* Learn-Quartz2DUITests */,
			);
		};
/* End PBXProject section */

/* Begin PBXResourcesBuildPhase section */
		04E0D1711C7EF9A7006355D2 /* Resources */ = {
			isa = PBXResourcesBuildPhase;
			buildActionMask = 2147483647;
			files = (
				04E0D1861C7EF9A7006355D2 /* LaunchScreen.storyboard in Resources */,
				04E0D1831C7EF9A7006355D2 /* Assets.xcassets in Resources */,
				04E0D1B21C802C43006355D2 /* quartz2D.xib in Resources */,
				04E0D1811C7EF9A7006355D2 /* Main.storyboard in Resources */,
			);
			runOnlyForDeploymentPostprocessing = 0;
		};
		04E0D18A1C7EF9A7006355D2 /* Resources */ = {
			isa = PBXResourcesBuildPhase;
			buildActionMask = 2147483647;
			files = (
			);
			runOnlyForDeploymentPostprocessing = 0;
		};
		04E0D1951C7EF9A7006355D2 /* Resources */ = {
			isa = PBXResourcesBuildPhase;
			buildActionMask = 2147483647;
			files = (
			);
			runOnlyForDeploymentPostprocessing = 0;
		};
/* End PBXResourcesBuildPhase section */

/* Begin PBXSourcesBuildPhase section */
		04E0D16F1C7EF9A7006355D2 /* Sources */ = {
			isa = PBXSourcesBuildPhase;
			buildActionMask = 2147483647;
			files = (
				04E0D17E1C7EF9A7006355D2 /* ViewController.m in Sources */,
				04E0D17B1C7EF9A7006355D2 /* AppDelegate.m in Sources */,
				04E0D1B01C802BBC006355D2 /* quartz2D.m in Sources */,
				04E0D1781C7EF9A7006355D2 /* main.m in Sources */,
			);
			runOnlyForDeploymentPostprocessing = 0;
		};
		04E0D1881C7EF9A7006355D2 /* Sources */ = {
			isa = PBXSourcesBuildPhase;
			buildActionMask = 2147483647;
			files = (
				04E0D1911C7EF9A7006355D2 /* Learn_Quartz2DTests.m in Sources */,
			);
			runOnlyForDeploymentPostprocessing = 0;
		};
		04E0D1931C7EF9A7006355D2 /* Sources */ = {
			isa = PBXSourcesBuildPhase;
			buildActionMask = 2147483647;
			files = (
				04E0D19C1C7EF9A7006355D2 /* Learn_Quartz2DUITests.m in Sources */,
			);
			runOnlyForDeploymentPostprocessing = 0;
		};
/* End PBXSourcesBuildPhase section */

/* Begin PBXTargetDependency section */
		04E0D18E1C7EF9A7006355D2 /* PBXTargetDependency */ = {
			isa = PBXTargetDependency;
			target = 04E0D1721C7EF9A7006355D2 /* Learn-Quartz2D */;
			targetProxy = 04E0D18D1C7EF9A7006355D2 /* PBXContainerItemProxy */;
		};
		04E0D1991C7EF9A7006355D2 /* PBXTargetDependency */ = {
			isa = PBXTargetDependency;
			target = 04E0D1721C7EF9A7006355D2 /* Learn-Quartz2D */;
			targetProxy = 04E0D1981C7EF9A7006355D2 /* PBXContainerItemProxy */;
		};
/* End PBXTargetDependency section */

/* Begin PBXVariantGroup section */
		04E0D17F1C7EF9A7006355D2 /* Main.storyboard */ = {
			isa = PBXVariantGroup;
			children = (
				04E0D1801C7EF9A7006355D2 /* Base */,
			);
			name = Main.storyboard;
			sourceTree = "<group>";
		};
		04E0D1841C7EF9A7006355D2 /* LaunchScreen.storyboard */ = {
			isa = PBXVariantGroup;
			children = (
				04E0D1851C7EF9A7006355D2 /* Base */,
			);
			name = LaunchScreen.storyboard;
			sourceTree = "<group>";
		};
/* End PBXVariantGroup section */

/* Begin XCBuildConfiguration section */
		04E0D19E1C7EF9A7006355D2 /* Debug */ = {
			isa = XCBuildConfiguration;
			buildSettings = {
				ALWAYS_SEARCH_USER_PATHS = NO;
				CLANG_CXX_LANGUAGE_STANDARD = "gnu++0x";
				CLANG_CXX_LIBRARY = "libc++";
				CLANG_ENABLE_MODULES = YES;
				CLANG_ENABLE_OBJC_ARC = YES;
				CLANG_WARN_BOOL_CONVERSION = YES;
				CLANG_WARN_CONSTANT_CONVERSION = YES;
				CLANG_WARN_DIRECT_OBJC_ISA_USAGE = YES_ERROR;
				CLANG_WARN_EMPTY_BODY = YES;
				CLANG_WARN_ENUM_CONVERSION = YES;
				CLANG_WARN_INT_CONVERSION = YES;
				CLANG_WARN_OBJC_ROOT_CLASS = YES_ERROR;
				CLANG_WARN_UNREACHABLE_CODE = YES;
				CLANG_WARN__DUPLICATE_METHOD_MATCH = YES;
				"CODE_SIGN_IDENTITY[sdk=iphoneos*]" = "iPhone Developer";
				COPY_PHASE_STRIP = NO;
				DEBUG_INFORMATION_FORMAT = dwarf;
				ENABLE_STRICT_OBJC_MSGSEND = YES;
				ENABLE_TESTABILITY = YES;
				GCC_C_LANGUAGE_STANDARD = gnu99;
				GCC_DYNAMIC_NO_PIC = NO;
				GCC_NO_COMMON_BLOCKS = YES;
				GCC_OPTIMIZATION_LEVEL = 0;
				GCC_PREPROCESSOR_DEFINITIONS = (
					"DEBUG=1",
					"$(inherited)",
				);
				GCC_WARN_64_TO_32_BIT_CONVERSION = YES;
				GCC_WARN_ABOUT_RETURN_TYPE = YES_ERROR;
				GCC_WARN_UNDECLARED_SELECTOR = YES;
				GCC_WARN_UNINITIALIZED_AUTOS = YES_AGGRESSIVE;
				GCC_WARN_UNUSED_FUNCTION = YES;
				GCC_WARN_UNUSED_VARIABLE = YES;
				IPHONEOS_DEPLOYMENT_TARGET = 9.2;
				MTL_ENABLE_DEBUG_INFO = YES;
				ONLY_ACTIVE_ARCH = YES;
				SDKROOT = iphoneos;
				TARGETED_DEVICE_FAMILY = "1,2";
			};
			name = Debug;
		};
		04E0D19F1C7EF9A7006355D2 /* Release */ = {
			isa = XCBuildConfiguration;
			buildSettings = {
				ALWAYS_SEARCH_USER_PATHS = NO;
				CLANG_CXX_LANGUAGE_STANDARD = "gnu++0x";
				CLANG_CXX_LIBRARY = "libc++";
				CLANG_ENABLE_MODULES = YES;
				CLANG_ENABLE_OBJC_ARC = YES;
				CLANG_WARN_BOOL_CONVERSION = YES;
				CLANG_WARN_CONSTANT_CONVERSION = YES;
				CLANG_WARN_DIRECT_OBJC_ISA_USAGE = YES_ERROR;
				CLANG_WARN_EMPTY_BODY = YES;
				CLANG_WARN_ENUM_CONVERSION = YES;
				CLANG_WARN_INT_CONVERSION = YES;
				CLANG_WARN_OBJC_ROOT_CLASS = YES_ERROR;
				CLANG_WARN_UNREACHABLE_CODE = YES;
				CLANG_WARN__DUPLICATE_METHOD_MATCH = YES;
				"CODE_SIGN_IDENTITY[sdk=iphoneos*]" = "iPhone Developer";
				COPY_PHASE_STRIP = NO;
				DEBUG_INFORMATION_FORMAT = "dwarf-with-dsym";
				ENABLE_NS_ASSERTIONS = NO;
				ENABLE_STRICT_OBJC_MSGSEND = YES;
				GCC_C_LANGUAGE_STANDARD = gnu99;
				GCC_NO_COMMON_BLOCKS = YES;
				GCC_WARN_64_TO_32_BIT_CONVERSION = YES;
				GCC_WARN_ABOUT_RETURN_TYPE = YES_ERROR;
				GCC_WARN_UNDECLARED_SELECTOR = YES;
				GCC_WARN_UNINITIALIZED_AUTOS = YES_AGGRESSIVE;
				GCC_WARN_UNUSED_FUNCTION = YES;
				GCC_WARN_UNUSED_VARIABLE = YES;
				IPHONEOS_DEPLOYMENT_TARGET = 9.2;
				MTL_ENABLE_DEBUG_INFO = NO;
				SDKROOT = iphoneos;
				TARGETED_DEVICE_FAMILY = "1,2";
				VALIDATE_PRODUCT = YES;
			};
			name = Release;
		};
		04E0D1A11C7EF9A7006355D2 /* Debug */ = {
			isa = XCBuildConfiguration;
			buildSettings = {
				ASSETCATALOG_COMPILER_APPICON_NAME = AppIcon;
				INFOPLIST_FILE = "Learn-Quartz2D/Info.plist";
				LD_RUNPATH_SEARCH_PATHS = "$(inherited) @executable_path/Frameworks";
				PRODUCT_BUNDLE_IDENTIFIER = "chenzuo.Learn-Quartz2D";
				PRODUCT_NAME = "$(TARGET_NAME)";
			};
			name = Debug;
		};
		04E0D1A21C7EF9A7006355D2 /* Release */ = {
			isa = XCBuildConfiguration;
			buildSettings = {
				ASSETCATALOG_COMPILER_APPICON_NAME = AppIcon;
				INFOPLIST_FILE = "Learn-Quartz2D/Info.plist";
				LD_RUNPATH_SEARCH_PATHS = "$(inherited) @executable_path/Frameworks";
				PRODUCT_BUNDLE_IDENTIFIER = "chenzuo.Learn-Quartz2D";
				PRODUCT_NAME = "$(TARGET_NAME)";
			};
			name = Release;
		};
		04E0D1A41C7EF9A7006355D2 /* Debug */ = {
			isa = XCBuildConfiguration;
			buildSettings = {
				BUNDLE_LOADER = "$(TEST_HOST)";
				INFOPLIST_FILE = "Learn-Quartz2DTests/Info.plist";
				LD_RUNPATH_SEARCH_PATHS = "$(inherited) @executable_path/Frameworks @loader_path/Frameworks";
				PRODUCT_BUNDLE_IDENTIFIER = "chenzuo.Learn-Quartz2DTests";
				PRODUCT_NAME = "$(TARGET_NAME)";
				TEST_HOST = "$(BUILT_PRODUCTS_DIR)/Learn-Quartz2D.app/Learn-Quartz2D";
			};
			name = Debug;
		};
		04E0D1A51C7EF9A7006355D2 /* Release */ = {
			isa = XCBuildConfiguration;
			buildSettings = {
				BUNDLE_LOADER = "$(TEST_HOST)";
				INFOPLIST_FILE = "Learn-Quartz2DTests/Info.plist";
				LD_RUNPATH_SEARCH_PATHS = "$(inherited) @executable_path/Frameworks @loader_path/Frameworks";
				PRODUCT_BUNDLE_IDENTIFIER = "chenzuo.Learn-Quartz2DTests";
				PRODUCT_NAME = "$(TARGET_NAME)";
				TEST_HOST = "$(BUILT_PRODUCTS_DIR)/Learn-Quartz2D.app/Learn-Quartz2D";
			};
			name = Release;
		};
		04E0D1A71C7EF9A7006355D2 /* Debug */ = {
			isa = XCBuildConfiguration;
			buildSettings = {
				INFOPLIST_FILE = "Learn-Quartz2DUITests/Info.plist";
				LD_RUNPATH_SEARCH_PATHS = "$(inherited) @executable_path/Frameworks @loader_path/Frameworks";
				PRODUCT_BUNDLE_IDENTIFIER = "chenzuo.Learn-Quartz2DUITests";
				PRODUCT_NAME = "$(TARGET_NAME)";
				TEST_TARGET_NAME = "Learn-Quartz2D";
				USES_XCTRUNNER = YES;
			};
			name = Debug;
		};
		04E0D1A81C7EF9A7006355D2 /* Release */ = {
			isa = XCBuildConfiguration;
			buildSettings = {
				INFOPLIST_FILE = "Learn-Quartz2DUITests/Info.plist";
				LD_RUNPATH_SEARCH_PATHS = "$(inherited) @executable_path/Frameworks @loader_path/Frameworks";
				PRODUCT_BUNDLE_IDENTIFIER = "chenzuo.Learn-Quartz2DUITests";
				PRODUCT_NAME = "$(TARGET_NAME)";
				TEST_TARGET_NAME = "Learn-Quartz2D";
				USES_XCTRUNNER = YES;
			};
			name = Release;
		};
/* End XCBuildConfiguration section */

/* Begin XCConfigurationList section */
		04E0D16E1C7EF9A7006355D2 /* Build configuration list for PBXProject "Learn-Quartz2D" */ = {
			isa = XCConfigurationList;
			buildConfigurations = (
				04E0D19E1C7EF9A7006355D2 /* Debug */,
				04E0D19F1C7EF9A7006355D2 /* Release */,
			);
			defaultConfigurationIsVisible = 0;
			defaultConfigurationName = Release;
		};
		04E0D1A01C7EF9A7006355D2 /* Build configuration list for PBXNativeTarget "Learn-Quartz2D" */ = {
			isa = XCConfigurationList;
			buildConfigurations = (
				04E0D1A11C7EF9A7006355D2 /* Debug */,
				04E0D1A21C7EF9A7006355D2 /* Release */,
			);
			defaultConfigurationIsVisible = 0;
			defaultConfigurationName = Release;
		};
		04E0D1A31C7EF9A7006355D2 /* Build configuration list for PBXNativeTarget "Learn-Quartz2DTests" */ = {
			isa = XCConfigurationList;
			buildConfigurations = (
				04E0D1A41C7EF9A7006355D2 /* Debug */,
				04E0D1A51C7EF9A7006355D2 /* Release */,
			);
			defaultConfigurationIsVisible = 0;
			defaultConfigurationName = Release;
		};
		04E0D1A61C7EF9A7006355D2 /* Build configuration list for PBXNativeTarget "Learn-Quartz2DUITests" */ = {
			isa = XCConfigurationList;
			buildConfigurations = (
				04E0D1A71C7EF9A7006355D2 /* Debug */,
				04E0D1A81C7EF9A7006355D2 /* Release */,
			);
			defaultConfigurationIsVisible = 0;
			defaultConfigurationName = Release;
		};
/* End XCConfigurationList section */
	};
	rootObject = 04E0D16B1C7EF9A7006355D2 /* Project object */;
}
